
Microsoft Visual Studio Solution File, Format Version 12.00
# Visual Studio Version 16
VisualStudioVersion = 16.0.30204.135
MinimumVisualStudioVersion = 10.0.40219.1
Project("{FAE04EC0-301F-11D3-BF4B-00C04F79EFBC}") = "SzyfrCezara", "SzyfrCezara\SzyfrCezara.csproj", "{0F7E8422-E2D4-4C19-A6A4-295C274312CB}"
EndProject
Global
	GlobalSection(SolutionConfigurationPlatforms) = preSolution
		Debug|Any CPU = Debug|Any CPU
		Release|Any CPU = Release|Any CPU
	EndGlobalSection
	GlobalSection(ProjectConfigurationPlatforms) = postSolution
		{0F7E8422-E2D4-4C19-A6A4-295C274312CB}.Debug|Any CPU.ActiveCfg = Debug|Any CPU
		{0F7E8422-E2D4-4C19-A6A4-295C274312CB}.Debug|Any CPU.Build.0 = Debug|Any CPU
		{0F7E8422-E2D4-4C19-A6A4-295C274312CB}.Release|Any CPU.ActiveCfg = Release|Any CPU
		{0F7E8422-E2D4-4C19-A6A4-295C274312CB}.Release|Any CPU.Build.0 = Release|Any CPU
	EndGlobalSection
	GlobalSection(SolutionProperties) = preSolution
		HideSolutionNode = FALSE
	EndGlobalSection
	GlobalSection(ExtensibilityGlobals) = postSolution
		SolutionGuid = {FC6E5F93-0107-4B1B-947E-40C4A4059E99}
	EndGlobalSection
EndGlobal
